
Microsoft Visual Studio Solution File, Format Version 12.00
# Visual Studio Version 17
VisualStudioVersion = 17.14.36518.9 d17.14
MinimumVisualStudioVersion = 10.0.40219.1
Project("{FAE04EC0-301F-11D3-BF4B-00C04F79EFBC}") = "UserServiceWCF", "UserServiceWCF\UserServiceWCF.csproj", "{2C1A7B4A-FDBD-4821-B175-FF1821E7DE90}"
EndProject
Global
	GlobalSection(SolutionConfigurationPlatforms) = preSolution
		Debug|Any CPU = Debug|Any CPU
		Release|Any CPU = Release|Any CPU
	EndGlobalSection
	GlobalSection(ProjectConfigurationPlatforms) = postSolution
		{2C1A7B4A-FDBD-4821-B175-FF1821E7DE90}.Debug|Any CPU.ActiveCfg = Debug|Any CPU
		{2C1A7B4A-FDBD-4821-B175-FF1821E7DE90}.Debug|Any CPU.Build.0 = Debug|Any CPU
		{2C1A7B4A-FDBD-4821-B175-FF1821E7DE90}.Release|Any CPU.ActiveCfg = Release|Any CPU
		{2C1A7B4A-FDBD-4821-B175-FF1821E7DE90}.Release|Any CPU.Build.0 = Release|Any CPU
	EndGlobalSection
	GlobalSection(SolutionProperties) = preSolution
		HideSolutionNode = FALSE
	EndGlobalSection
	GlobalSection(ExtensibilityGlobals) = postSolution
		SolutionGuid = {0C518A82-325A-41DE-971D-6452A8C7207F}
	EndGlobalSection
EndGlobal
