
Microsoft Visual Studio Solution File, Format Version 12.00
# Visual Studio Version 17
VisualStudioVersion = 17.14.36518.9 d17.14
MinimumVisualStudioVersion = 10.0.40219.1
Project("{FAE04EC0-301F-11D3-BF4B-00C04F79EFBC}") = "MVCProject", "MVCProject\MVCProject.csproj", "{6C5586BB-895C-460E-A9A4-D6F849C4C6E1}"
EndProject
Project("{FAE04EC0-301F-11D3-BF4B-00C04F79EFBC}") = "MVCProject.BLL", "MVCProject.BLL\MVCProject.BLL.csproj", "{BF522476-2F55-4C89-886F-6A61B1E9E893}"
EndProject
Project("{FAE04EC0-301F-11D3-BF4B-00C04F79EFBC}") = "MVCProject.DAL", "MVCProject.DAL\MVCProject.DAL.csproj", "{69D63707-4729-456F-812B-B11CAB0A83B9}"
EndProject
Global
	GlobalSection(SolutionConfigurationPlatforms) = preSolution
		Debug|Any CPU = Debug|Any CPU
		Release|Any CPU = Release|Any CPU
	EndGlobalSection
	GlobalSection(ProjectConfigurationPlatforms) = postSolution
		{6C5586BB-895C-460E-A9A4-D6F849C4C6E1}.Debug|Any CPU.ActiveCfg = Debug|Any CPU
		{6C5586BB-895C-460E-A9A4-D6F849C4C6E1}.Debug|Any CPU.Build.0 = Debug|Any CPU
		{6C5586BB-895C-460E-A9A4-D6F849C4C6E1}.Release|Any CPU.ActiveCfg = Release|Any CPU
		{6C5586BB-895C-460E-A9A4-D6F849C4C6E1}.Release|Any CPU.Build.0 = Release|Any CPU
		{BF522476-2F55-4C89-886F-6A61B1E9E893}.Debug|Any CPU.ActiveCfg = Debug|Any CPU
		{BF522476-2F55-4C89-886F-6A61B1E9E893}.Debug|Any CPU.Build.0 = Debug|Any CPU
		{BF522476-2F55-4C89-886F-6A61B1E9E893}.Release|Any CPU.ActiveCfg = Release|Any CPU
		{BF522476-2F55-4C89-886F-6A61B1E9E893}.Release|Any CPU.Build.0 = Release|Any CPU
		{69D63707-4729-456F-812B-B11CAB0A83B9}.Debug|Any CPU.ActiveCfg = Debug|Any CPU
		{69D63707-4729-456F-812B-B11CAB0A83B9}.Debug|Any CPU.Build.0 = Debug|Any CPU
		{69D63707-4729-456F-812B-B11CAB0A83B9}.Release|Any CPU.ActiveCfg = Release|Any CPU
		{69D63707-4729-456F-812B-B11CAB0A83B9}.Release|Any CPU.Build.0 = Release|Any CPU
	EndGlobalSection
	GlobalSection(SolutionProperties) = preSolution
		HideSolutionNode = FALSE
	EndGlobalSection
	GlobalSection(ExtensibilityGlobals) = postSolution
		SolutionGuid = {3A4FBCC6-DBD5-41DA-9DA6-483E39B643FF}
	EndGlobalSection
EndGlobal
