
Microsoft Visual Studio Solution File, Format Version 12.00
# Visual Studio Version 17
VisualStudioVersion = 17.14.36518.9 d17.14
MinimumVisualStudioVersion = 10.0.40219.1
Project("{FAE04EC0-301F-11D3-BF4B-00C04F79EFBC}") = "ConsoleApp8", "ConsoleApp8\ConsoleApp8.csproj", "{0C88D70D-6DDC-494B-AEB0-26712B78AB34}"
EndProject
Global
	GlobalSection(SolutionConfigurationPlatforms) = preSolution
		Debug|Any CPU = Debug|Any CPU
		Release|Any CPU = Release|Any CPU
	EndGlobalSection
	GlobalSection(ProjectConfigurationPlatforms) = postSolution
		{0C88D70D-6DDC-494B-AEB0-26712B78AB34}.Debug|Any CPU.ActiveCfg = Debug|Any CPU
		{0C88D70D-6DDC-494B-AEB0-26712B78AB34}.Debug|Any CPU.Build.0 = Debug|Any CPU
		{0C88D70D-6DDC-494B-AEB0-26712B78AB34}.Release|Any CPU.ActiveCfg = Release|Any CPU
		{0C88D70D-6DDC-494B-AEB0-26712B78AB34}.Release|Any CPU.Build.0 = Release|Any CPU
	EndGlobalSection
	GlobalSection(SolutionProperties) = preSolution
		HideSolutionNode = FALSE
	EndGlobalSection
	GlobalSection(ExtensibilityGlobals) = postSolution
		SolutionGuid = {D27F7A36-7B3B-4512-B509-3C53BD68F1B2}
	EndGlobalSection
EndGlobal
